
Microsoft Visual Studio Solution File, Format Version 12.00
# Visual Studio 14
VisualStudioVersion = 14.0.25420.1
MinimumVisualStudioVersion = 10.0.40219.1
Project("{F14B399A-7131-4C87-9E4B-1186C45EF12D}") = "Supplementary_Consolidation_1", "Supplementary_Consolidation_1\Supplementary_Consolidation_1.rptproj", "{CF4944AA-4124-4FB2-B22C-2E88863A647C}"
EndProject
Global
	GlobalSection(SolutionConfigurationPlatforms) = preSolution
		Debug|Default = Debug|Default
		DebugLocal|Default = DebugLocal|Default
		Release|Default = Release|Default
	EndGlobalSection
	GlobalSection(ProjectConfigurationPlatforms) = postSolution
		{CF4944AA-4124-4FB2-B22C-2E88863A647C}.Debug|Default.ActiveCfg = Debug
		{CF4944AA-4124-4FB2-B22C-2E88863A647C}.Debug|Default.Build.0 = Debug
		{CF4944AA-4124-4FB2-B22C-2E88863A647C}.Debug|Default.Deploy.0 = Debug
		{CF4944AA-4124-4FB2-B22C-2E88863A647C}.DebugLocal|Default.ActiveCfg = DebugLocal
		{CF4944AA-4124-4FB2-B22C-2E88863A647C}.DebugLocal|Default.Build.0 = DebugLocal
		{CF4944AA-4124-4FB2-B22C-2E88863A647C}.Release|Default.ActiveCfg = Release
		{CF4944AA-4124-4FB2-B22C-2E88863A647C}.Release|Default.Build.0 = Release
		{CF4944AA-4124-4FB2-B22C-2E88863A647C}.Release|Default.Deploy.0 = Release
	EndGlobalSection
	GlobalSection(SolutionProperties) = preSolution
		HideSolutionNode = FALSE
	EndGlobalSection
EndGlobal
